
Microsoft Visual Studio Solution File, Format Version 12.00
# Visual Studio Version 16
VisualStudioVersion = 16.0.30204.135
MinimumVisualStudioVersion = 10.0.40219.1
Project("{9A19103F-16F7-4668-BE54-9A1E7A4F7556}") = "PServ1", "PServ1\PServ1.csproj", "{9E3E6066-95F5-4DF4-A18B-202418A368BC}"
EndProject
Project("{9A19103F-16F7-4668-BE54-9A1E7A4F7556}") = "PServ1.Tests", "PServ1.Tests\PServ1.Tests.csproj", "{5E7F1535-2F01-42B9-A4A1-2653251E1116}"
EndProject
Global
	GlobalSection(SolutionConfigurationPlatforms) = preSolution
		Debug|Any CPU = Debug|Any CPU
		Release|Any CPU = Release|Any CPU
	EndGlobalSection
	GlobalSection(ProjectConfigurationPlatforms) = postSolution
		{9E3E6066-95F5-4DF4-A18B-202418A368BC}.Debug|Any CPU.ActiveCfg = Debug|Any CPU
		{9E3E6066-95F5-4DF4-A18B-202418A368BC}.Debug|Any CPU.Build.0 = Debug|Any CPU
		{9E3E6066-95F5-4DF4-A18B-202418A368BC}.Release|Any CPU.ActiveCfg = Release|Any CPU
		{9E3E6066-95F5-4DF4-A18B-202418A368BC}.Release|Any CPU.Build.0 = Release|Any CPU
		{5E7F1535-2F01-42B9-A4A1-2653251E1116}.Debug|Any CPU.ActiveCfg = Debug|Any CPU
		{5E7F1535-2F01-42B9-A4A1-2653251E1116}.Debug|Any CPU.Build.0 = Debug|Any CPU
		{5E7F1535-2F01-42B9-A4A1-2653251E1116}.Release|Any CPU.ActiveCfg = Release|Any CPU
		{5E7F1535-2F01-42B9-A4A1-2653251E1116}.Release|Any CPU.Build.0 = Release|Any CPU
	EndGlobalSection
	GlobalSection(SolutionProperties) = preSolution
		HideSolutionNode = FALSE
	EndGlobalSection
	GlobalSection(ExtensibilityGlobals) = postSolution
		SolutionGuid = {68D8E218-332F-4073-9AEA-AEAD5CC930CD}
	EndGlobalSection
EndGlobal
